// !$*UTF8*$!
{
	archiveVersion = 1;
	classes = {
	};
	objectVersion = 55;
	objects = {

/* Begin PBXBuildFile section */
		82044E4726C8BA80008347C1 /* Options.swift in Sources */ = {isa = PBXBuildFile; fileRef = 82044E4626C8BA80008347C1 /* Options.swift */; };
		82044E4826C8BA80008347C1 /* Options.swift in Sources */ = {isa = PBXBuildFile; fileRef = 82044E4626C8BA80008347C1 /* Options.swift */; };
		820B881326B8E47E0070A134 /* FlockingApp.swift in Sources */ = {isa = PBXBuildFile; fileRef = 820B880526B8E47D0070A134 /* FlockingApp.swift */; };
		820B881426B8E47E0070A134 /* FlockingApp.swift in Sources */ = {isa = PBXBuildFile; fileRef = 820B880526B8E47D0070A134 /* FlockingApp.swift */; };
		820B881526B8E47E0070A134 /* ContentView.swift in Sources */ = {isa = PBXBuildFile; fileRef = 820B880626B8E47D0070A134 /* ContentView.swift */; };
		820B881626B8E47E0070A134 /* ContentView.swift in Sources */ = {isa = PBXBuildFile; fileRef = 820B880626B8E47D0070A134 /* ContentView.swift */; };
		820B881726B8E47E0070A134 /* Assets.xcassets in Resources */ = {isa = PBXBuildFile; fileRef = 820B880726B8E47E0070A134 /* Assets.xcassets */; };
		820B881826B8E47E0070A134 /* Assets.xcassets in Resources */ = {isa = PBXBuildFile; fileRef = 820B880726B8E47E0070A134 /* Assets.xcassets */; };
		820B882426B8E4FE0070A134 /* MetalView.swift in Sources */ = {isa = PBXBuildFile; fileRef = 820B882326B8E4FE0070A134 /* MetalView.swift */; };
		820B882526B8E4FE0070A134 /* MetalView.swift in Sources */ = {isa = PBXBuildFile; fileRef = 820B882326B8E4FE0070A134 /* MetalView.swift */; };
		820B882726B8E50F0070A134 /* Renderer.swift in Sources */ = {isa = PBXBuildFile; fileRef = 820B882626B8E50F0070A134 /* Renderer.swift */; };
		820B882826B8E50F0070A134 /* Renderer.swift in Sources */ = {isa = PBXBuildFile; fileRef = 820B882626B8E50F0070A134 /* Renderer.swift */; };
		820B883426B8E54A0070A134 /* MathLibrary.swift in Sources */ = {isa = PBXBuildFile; fileRef = 820B883326B8E54A0070A134 /* MathLibrary.swift */; };
		820B883526B8E54A0070A134 /* MathLibrary.swift in Sources */ = {isa = PBXBuildFile; fileRef = 820B883326B8E54A0070A134 /* MathLibrary.swift */; };
		82213B19278F9AB60065B6A6 /* Emitter.swift in Sources */ = {isa = PBXBuildFile; fileRef = 82213B18278F9AB60065B6A6 /* Emitter.swift */; };
		82213B1A278F9AB60065B6A6 /* Emitter.swift in Sources */ = {isa = PBXBuildFile; fileRef = 82213B18278F9AB60065B6A6 /* Emitter.swift */; };
		8296F5BC2793DE4000782C70 /* FlockingPass.swift in Sources */ = {isa = PBXBuildFile; fileRef = 8296F5BB2793DE4000782C70 /* FlockingPass.swift */; };
		8296F5BD2793DE4000782C70 /* FlockingPass.swift in Sources */ = {isa = PBXBuildFile; fileRef = 8296F5BB2793DE4000782C70 /* FlockingPass.swift */; };
		8296F5BF2793E06A00782C70 /* GameScene.swift in Sources */ = {isa = PBXBuildFile; fileRef = 8296F5BE2793E06A00782C70 /* GameScene.swift */; };
		8296F5C02793E06A00782C70 /* GameScene.swift in Sources */ = {isa = PBXBuildFile; fileRef = 8296F5BE2793E06A00782C70 /* GameScene.swift */; };
		8296F5C22793E0DA00782C70 /* Pipelines.swift in Sources */ = {isa = PBXBuildFile; fileRef = 8296F5C12793E0DA00782C70 /* Pipelines.swift */; };
		8296F5C32793E0DA00782C70 /* Pipelines.swift in Sources */ = {isa = PBXBuildFile; fileRef = 8296F5C12793E0DA00782C70 /* Pipelines.swift */; };
		8296F5C62793E2C100782C70 /* InputController.swift in Sources */ = {isa = PBXBuildFile; fileRef = 8296F5C52793E2C100782C70 /* InputController.swift */; };
		8296F5C72793E2C100782C70 /* InputController.swift in Sources */ = {isa = PBXBuildFile; fileRef = 8296F5C52793E2C100782C70 /* InputController.swift */; };
		8296F5C92793E2F500782C70 /* Flocking.metal in Sources */ = {isa = PBXBuildFile; fileRef = 8296F5C82793E2F500782C70 /* Flocking.metal */; };
		8296F5CA2793E2F500782C70 /* Flocking.metal in Sources */ = {isa = PBXBuildFile; fileRef = 8296F5C82793E2F500782C70 /* Flocking.metal */; };
		82F19C5D273DEE8B001C5657 /* GameController.swift in Sources */ = {isa = PBXBuildFile; fileRef = 82F19C5C273DEE8B001C5657 /* GameController.swift */; };
		82F19C5E273DEE8B001C5657 /* GameController.swift in Sources */ = {isa = PBXBuildFile; fileRef = 82F19C5C273DEE8B001C5657 /* GameController.swift */; };
/* End PBXBuildFile section */

/* Begin PBXFileReference section */
		82044E4626C8BA80008347C1 /* Options.swift */ = {isa = PBXFileReference; fileEncoding = 4; lastKnownFileType = sourcecode.swift; path = Options.swift; sourceTree = "<group>"; };
		820B880526B8E47D0070A134 /* FlockingApp.swift */ = {isa = PBXFileReference; lastKnownFileType = sourcecode.swift; path = FlockingApp.swift; sourceTree = "<group>"; };
		820B880626B8E47D0070A134 /* ContentView.swift */ = {isa = PBXFileReference; lastKnownFileType = sourcecode.swift; path = ContentView.swift; sourceTree = "<group>"; };
		820B880726B8E47E0070A134 /* Assets.xcassets */ = {isa = PBXFileReference; lastKnownFileType = folder.assetcatalog; path = Assets.xcassets; sourceTree = "<group>"; };
		820B880C26B8E47E0070A134 /* Flocking.app */ = {isa = PBXFileReference; explicitFileType = wrapper.application; includeInIndex = 0; path = Flocking.app; sourceTree = BUILT_PRODUCTS_DIR; };
		820B881226B8E47E0070A134 /* Flocking.app */ = {isa = PBXFileReference; explicitFileType = wrapper.application; includeInIndex = 0; path = Flocking.app; sourceTree = BUILT_PRODUCTS_DIR; };
		820B882326B8E4FE0070A134 /* MetalView.swift */ = {isa = PBXFileReference; lastKnownFileType = sourcecode.swift; path = MetalView.swift; sourceTree = "<group>"; };
		820B882626B8E50F0070A134 /* Renderer.swift */ = {isa = PBXFileReference; lastKnownFileType = sourcecode.swift; path = Renderer.swift; sourceTree = "<group>"; };
		820B883326B8E54A0070A134 /* MathLibrary.swift */ = {isa = PBXFileReference; lastKnownFileType = sourcecode.swift; path = MathLibrary.swift; sourceTree = "<group>"; };
		820B884026B90B770070A134 /* Common.h */ = {isa = PBXFileReference; lastKnownFileType = sourcecode.c.h; path = Common.h; sourceTree = "<group>"; };
		82213B18278F9AB60065B6A6 /* Emitter.swift */ = {isa = PBXFileReference; lastKnownFileType = sourcecode.swift; path = Emitter.swift; sourceTree = "<group>"; };
		8296F5BB2793DE4000782C70 /* FlockingPass.swift */ = {isa = PBXFileReference; lastKnownFileType = sourcecode.swift; path = FlockingPass.swift; sourceTree = "<group>"; };
		8296F5BE2793E06A00782C70 /* GameScene.swift */ = {isa = PBXFileReference; lastKnownFileType = sourcecode.swift; path = GameScene.swift; sourceTree = "<group>"; };
		8296F5C12793E0DA00782C70 /* Pipelines.swift */ = {isa = PBXFileReference; lastKnownFileType = sourcecode.swift; path = Pipelines.swift; sourceTree = "<group>"; };
		8296F5C52793E2C100782C70 /* InputController.swift */ = {isa = PBXFileReference; fileEncoding = 4; lastKnownFileType = sourcecode.swift; path = InputController.swift; sourceTree = "<group>"; };
		8296F5C82793E2F500782C70 /* Flocking.metal */ = {isa = PBXFileReference; lastKnownFileType = sourcecode.metal; path = Flocking.metal; sourceTree = "<group>"; };
		82F19C5C273DEE8B001C5657 /* GameController.swift */ = {isa = PBXFileReference; lastKnownFileType = sourcecode.swift; path = GameController.swift; sourceTree = "<group>"; };
/* End PBXFileReference section */

/* Begin PBXFrameworksBuildPhase section */
		820B880926B8E47E0070A134 /* Frameworks */ = {
			isa = PBXFrameworksBuildPhase;
			buildActionMask = 2147483647;
			files = (
			);
			runOnlyForDeploymentPostprocessing = 0;
		};
		820B880F26B8E47E0070A134 /* Frameworks */ = {
			isa = PBXFrameworksBuildPhase;
			buildActionMask = 2147483647;
			files = (
			);
			runOnlyForDeploymentPostprocessing = 0;
		};
/* End PBXFrameworksBuildPhase section */

/* Begin PBXGroup section */
		820B87FF26B8E47D0070A134 = {
			isa = PBXGroup;
			children = (
				820B880426B8E47D0070A134 /* Shared */,
				820B880D26B8E47E0070A134 /* Products */,
			);
			sourceTree = "<group>";
		};
		820B880426B8E47D0070A134 /* Shared */ = {
			isa = PBXGroup;
			children = (
				820B880526B8E47D0070A134 /* FlockingApp.swift */,
				824A97A6277453A500DA096F /* Game */,
				8251E034278EDF3700988819 /* Flocking */,
				824A97AA277453C400DA096F /* Shaders */,
				820B883226B8E53C0070A134 /* Utility */,
				8296F5C42793E2A800782C70 /* Input */,
				820B882226B8E4EF0070A134 /* SwiftUI Views */,
				820B880726B8E47E0070A134 /* Assets.xcassets */,
			);
			path = Shared;
			sourceTree = "<group>";
		};
		820B880D26B8E47E0070A134 /* Products */ = {
			isa = PBXGroup;
			children = (
				820B880C26B8E47E0070A134 /* Flocking.app */,
				820B881226B8E47E0070A134 /* Flocking.app */,
			);
			name = Products;
			sourceTree = "<group>";
		};
		820B882226B8E4EF0070A134 /* SwiftUI Views */ = {
			isa = PBXGroup;
			children = (
				820B880626B8E47D0070A134 /* ContentView.swift */,
				820B882326B8E4FE0070A134 /* MetalView.swift */,
				82044E4626C8BA80008347C1 /* Options.swift */,
			);
			path = "SwiftUI Views";
			sourceTree = "<group>";
		};
		820B883226B8E53C0070A134 /* Utility */ = {
			isa = PBXGroup;
			children = (
				820B883326B8E54A0070A134 /* MathLibrary.swift */,
			);
			path = Utility;
			sourceTree = "<group>";
		};
		824A97A6277453A500DA096F /* Game */ = {
			isa = PBXGroup;
			children = (
				82F19C5C273DEE8B001C5657 /* GameController.swift */,
				820B882626B8E50F0070A134 /* Renderer.swift */,
				8296F5BE2793E06A00782C70 /* GameScene.swift */,
			);
			path = Game;
			sourceTree = "<group>";
		};
		824A97AA277453C400DA096F /* Shaders */ = {
			isa = PBXGroup;
			children = (
				820B884026B90B770070A134 /* Common.h */,
				8296F5C82793E2F500782C70 /* Flocking.metal */,
			);
			path = Shaders;
			sourceTree = "<group>";
		};
		8251E034278EDF3700988819 /* Flocking */ = {
			isa = PBXGroup;
			children = (
				8296F5BB2793DE4000782C70 /* FlockingPass.swift */,
				82213B18278F9AB60065B6A6 /* Emitter.swift */,
				8296F5C12793E0DA00782C70 /* Pipelines.swift */,
			);
			path = Flocking;
			sourceTree = "<group>";
		};
		8296F5C42793E2A800782C70 /* Input */ = {
			isa = PBXGroup;
			children = (
				8296F5C52793E2C100782C70 /* InputController.swift */,
			);
			name = Input;
			path = Utility/Input;
			sourceTree = "<group>";
		};
/* End PBXGroup section */

/* Begin PBXNativeTarget section */
		820B880B26B8E47E0070A134 /* Flocking (iOS) */ = {
			isa = PBXNativeTarget;
			buildConfigurationList = 820B881B26B8E47E0070A134 /* Build configuration list for PBXNativeTarget "Flocking (iOS)" */;
			buildPhases = (
				820B880826B8E47E0070A134 /* Sources */,
				820B880926B8E47E0070A134 /* Frameworks */,
				820B880A26B8E47E0070A134 /* Resources */,
				820B882126B8E4990070A134 /* SwiftLint */,
			);
			buildRules = (
			);
			dependencies = (
			);
			name = "Flocking (iOS)";
			productName = "Fragment (iOS)";
			productReference = 820B880C26B8E47E0070A134 /* Flocking.app */;
			productType = "com.apple.product-type.application";
		};
		820B881126B8E47E0070A134 /* Flocking (macOS) */ = {
			isa = PBXNativeTarget;
			buildConfigurationList = 820B881E26B8E47E0070A134 /* Build configuration list for PBXNativeTarget "Flocking (macOS)" */;
			buildPhases = (
				820B880E26B8E47E0070A134 /* Sources */,
				820B880F26B8E47E0070A134 /* Frameworks */,
				820B881026B8E47E0070A134 /* Resources */,
				8291087826BCD9150091FE7A /* SwiftLint */,
			);
			buildRules = (
			);
			dependencies = (
			);
			name = "Flocking (macOS)";
			productName = "Fragment (macOS)";
			productReference = 820B881226B8E47E0070A134 /* Flocking.app */;
			productType = "com.apple.product-type.application";
		};
/* End PBXNativeTarget section */

/* Begin PBXProject section */
		820B880026B8E47D0070A134 /* Project object */ = {
			isa = PBXProject;
			attributes = {
				BuildIndependentTargetsInParallel = 1;
				LastSwiftUpdateCheck = 1300;
				LastUpgradeCheck = 1320;
				TargetAttributes = {
					820B880B26B8E47E0070A134 = {
						CreatedOnToolsVersion = 13.0;
					};
					820B881126B8E47E0070A134 = {
						CreatedOnToolsVersion = 13.0;
					};
				};
			};
			buildConfigurationList = 820B880326B8E47D0070A134 /* Build configuration list for PBXProject "Flocking" */;
			compatibilityVersion = "Xcode 13.0";
			developmentRegion = en;
			hasScannedForEncodings = 0;
			knownRegions = (
				en,
				Base,
			);
			mainGroup = 820B87FF26B8E47D0070A134;
			productRefGroup = 820B880D26B8E47E0070A134 /* Products */;
			projectDirPath = "";
			projectRoot = "";
			targets = (
				820B880B26B8E47E0070A134 /* Flocking (iOS) */,
				820B881126B8E47E0070A134 /* Flocking (macOS) */,
			);
		};
/* End PBXProject section */

/* Begin PBXResourcesBuildPhase section */
		820B880A26B8E47E0070A134 /* Resources */ = {
			isa = PBXResourcesBuildPhase;
			buildActionMask = 2147483647;
			files = (
				820B881726B8E47E0070A134 /* Assets.xcassets in Resources */,
			);
			runOnlyForDeploymentPostprocessing = 0;
		};
		820B881026B8E47E0070A134 /* Resources */ = {
			isa = PBXResourcesBuildPhase;
			buildActionMask = 2147483647;
			files = (
				820B881826B8E47E0070A134 /* Assets.xcassets in Resources */,
			);
			runOnlyForDeploymentPostprocessing = 0;
		};
/* End PBXResourcesBuildPhase section */

/* Begin PBXShellScriptBuildPhase section */
		820B882126B8E4990070A134 /* SwiftLint */ = {
			isa = PBXShellScriptBuildPhase;
			buildActionMask = 2147483647;
			files = (
			);
			inputFileListPaths = (
			);
			inputPaths = (
			);
			name = SwiftLint;
			outputFileListPaths = (
			);
			outputPaths = (
			);
			runOnlyForDeploymentPostprocessing = 0;
			shellPath = /bin/sh;
			shellScript = "PATH=/opt/homebrew/bin:$PATH\nif [ -f ~/com.raywenderlich.swiftlint.yml ]; then\n  if which swiftlint >/dev/null; then\n    swiftlint --no-cache --config ~/com.raywenderlich.swiftlint.yml\n  fi\nfi\n";
		};
		8291087826BCD9150091FE7A /* SwiftLint */ = {
			isa = PBXShellScriptBuildPhase;
			buildActionMask = 2147483647;
			files = (
			);
			inputFileListPaths = (
			);
			inputPaths = (
			);
			name = SwiftLint;
			outputFileListPaths = (
			);
			outputPaths = (
			);
			runOnlyForDeploymentPostprocessing = 0;
			shellPath = /bin/sh;
			shellScript = "PATH=/opt/homebrew/bin:$PATH\nif [ -f ~/com.raywenderlich.swiftlint.yml ]; then\n  if which swiftlint >/dev/null; then\n    swiftlint --no-cache --config ~/com.raywenderlich.swiftlint.yml\n  fi\nfi\n";
		};
/* End PBXShellScriptBuildPhase section */

/* Begin PBXSourcesBuildPhase section */
		820B880826B8E47E0070A134 /* Sources */ = {
			isa = PBXSourcesBuildPhase;
			buildActionMask = 2147483647;
			files = (
				8296F5C62793E2C100782C70 /* InputController.swift in Sources */,
				82F19C5D273DEE8B001C5657 /* GameController.swift in Sources */,
				820B883426B8E54A0070A134 /* MathLibrary.swift in Sources */,
				8296F5BC2793DE4000782C70 /* FlockingPass.swift in Sources */,
				820B882726B8E50F0070A134 /* Renderer.swift in Sources */,
				8296F5C92793E2F500782C70 /* Flocking.metal in Sources */,
				820B882426B8E4FE0070A134 /* MetalView.swift in Sources */,
				820B881526B8E47E0070A134 /* ContentView.swift in Sources */,
				82044E4726C8BA80008347C1 /* Options.swift in Sources */,
				82213B19278F9AB60065B6A6 /* Emitter.swift in Sources */,
				820B881326B8E47E0070A134 /* FlockingApp.swift in Sources */,
				8296F5BF2793E06A00782C70 /* GameScene.swift in Sources */,
				8296F5C22793E0DA00782C70 /* Pipelines.swift in Sources */,
			);
			runOnlyForDeploymentPostprocessing = 0;
		};
		820B880E26B8E47E0070A134 /* Sources */ = {
			isa = PBXSourcesBuildPhase;
			buildActionMask = 2147483647;
			files = (
				8296F5C72793E2C100782C70 /* InputController.swift in Sources */,
				82F19C5E273DEE8B001C5657 /* GameController.swift in Sources */,
				820B883526B8E54A0070A134 /* MathLibrary.swift in Sources */,
				8296F5BD2793DE4000782C70 /* FlockingPass.swift in Sources */,
				820B882826B8E50F0070A134 /* Renderer.swift in Sources */,
				8296F5CA2793E2F500782C70 /* Flocking.metal in Sources */,
				820B882526B8E4FE0070A134 /* MetalView.swift in Sources */,
				820B881626B8E47E0070A134 /* ContentView.swift in Sources */,
				82044E4826C8BA80008347C1 /* Options.swift in Sources */,
				82213B1A278F9AB60065B6A6 /* Emitter.swift in Sources */,
				820B881426B8E47E0070A134 /* FlockingApp.swift in Sources */,
				8296F5C02793E06A00782C70 /* GameScene.swift in Sources */,
				8296F5C32793E0DA00782C70 /* Pipelines.swift in Sources */,
			);
			runOnlyForDeploymentPostprocessing = 0;
		};
/* End PBXSourcesBuildPhase section */

/* Begin XCBuildConfiguration section */
		820B881926B8E47E0070A134 /* Debug */ = {
			isa = XCBuildConfiguration;
			buildSettings = {
				ALWAYS_SEARCH_USER_PATHS = NO;
				CLANG_ANALYZER_NONNULL = YES;
				CLANG_ANALYZER_NUMBER_OBJECT_CONVERSION = YES_AGGRESSIVE;
				CLANG_CXX_LANGUAGE_STANDARD = "gnu++17";
				CLANG_CXX_LIBRARY = "libc++";
				CLANG_ENABLE_MODULES = YES;
				CLANG_ENABLE_OBJC_ARC = YES;
				CLANG_ENABLE_OBJC_WEAK = YES;
				CLANG_WARN_BLOCK_CAPTURE_AUTORELEASING = YES;
				CLANG_WARN_BOOL_CONVERSION = YES;
				CLANG_WARN_COMMA = YES;
				CLANG_WARN_CONSTANT_CONVERSION = YES;
				CLANG_WARN_DEPRECATED_OBJC_IMPLEMENTATIONS = YES;
				CLANG_WARN_DIRECT_OBJC_ISA_USAGE = YES_ERROR;
				CLANG_WARN_DOCUMENTATION_COMMENTS = YES;
				CLANG_WARN_EMPTY_BODY = YES;
				CLANG_WARN_ENUM_CONVERSION = YES;
				CLANG_WARN_INFINITE_RECURSION = YES;
				CLANG_WARN_INT_CONVERSION = YES;
				CLANG_WARN_NON_LITERAL_NULL_CONVERSION = YES;
				CLANG_WARN_OBJC_IMPLICIT_RETAIN_SELF = YES;
				CLANG_WARN_OBJC_LITERAL_CONVERSION = YES;
				CLANG_WARN_OBJC_ROOT_CLASS = YES_ERROR;
				CLANG_WARN_QUOTED_INCLUDE_IN_FRAMEWORK_HEADER = YES;
				CLANG_WARN_RANGE_LOOP_ANALYSIS = YES;
				CLANG_WARN_STRICT_PROTOTYPES = YES;
				CLANG_WARN_SUSPICIOUS_MOVE = YES;
				CLANG_WARN_UNGUARDED_AVAILABILITY = YES_AGGRESSIVE;
				CLANG_WARN_UNREACHABLE_CODE = YES;
				CLANG_WARN__DUPLICATE_METHOD_MATCH = YES;
				COPY_PHASE_STRIP = NO;
				DEBUG_INFORMATION_FORMAT = dwarf;
				ENABLE_STRICT_OBJC_MSGSEND = YES;
				ENABLE_TESTABILITY = YES;
				GCC_C_LANGUAGE_STANDARD = gnu11;
				GCC_DYNAMIC_NO_PIC = NO;
				GCC_NO_COMMON_BLOCKS = YES;
				GCC_OPTIMIZATION_LEVEL = 0;
				GCC_PREPROCESSOR_DEFINITIONS = (
					"DEBUG=1",
					"$(inherited)",
				);
				GCC_WARN_64_TO_32_BIT_CONVERSION = YES;
				GCC_WARN_ABOUT_RETURN_TYPE = YES_ERROR;
				GCC_WARN_UNDECLARED_SELECTOR = YES;
				GCC_WARN_UNINITIALIZED_AUTOS = YES_AGGRESSIVE;
				GCC_WARN_UNUSED_FUNCTION = YES;
				GCC_WARN_UNUSED_VARIABLE = YES;
				MTL_ENABLE_DEBUG_INFO = INCLUDE_SOURCE;
				MTL_FAST_MATH = YES;
				ONLY_ACTIVE_ARCH = YES;
				SWIFT_ACTIVE_COMPILATION_CONDITIONS = DEBUG;
				SWIFT_OBJC_BRIDGING_HEADER = Shared/Shaders/Common.h;
				SWIFT_OPTIMIZATION_LEVEL = "-Onone";
			};
			name = Debug;
		};
		820B881A26B8E47E0070A134 /* Release */ = {
			isa = XCBuildConfiguration;
			buildSettings = {
				ALWAYS_SEARCH_USER_PATHS = NO;
				CLANG_ANALYZER_NONNULL = YES;
				CLANG_ANALYZER_NUMBER_OBJECT_CONVERSION = YES_AGGRESSIVE;
				CLANG_CXX_LANGUAGE_STANDARD = "gnu++17";
				CLANG_CXX_LIBRARY = "libc++";
				CLANG_ENABLE_MODULES = YES;
				CLANG_ENABLE_OBJC_ARC = YES;
				CLANG_ENABLE_OBJC_WEAK = YES;
				CLANG_WARN_BLOCK_CAPTURE_AUTORELEASING = YES;
				CLANG_WARN_BOOL_CONVERSION = YES;
				CLANG_WARN_COMMA = YES;
				CLANG_WARN_CONSTANT_CONVERSION = YES;
				CLANG_WARN_DEPRECATED_OBJC_IMPLEMENTATIONS = YES;
				CLANG_WARN_DIRECT_OBJC_ISA_USAGE = YES_ERROR;
				CLANG_WARN_DOCUMENTATION_COMMENTS = YES;
				CLANG_WARN_EMPTY_BODY = YES;
				CLANG_WARN_ENUM_CONVERSION = YES;
				CLANG_WARN_INFINITE_RECURSION = YES;
				CLANG_WARN_INT_CONVERSION = YES;
				CLANG_WARN_NON_LITERAL_NULL_CONVERSION = YES;
				CLANG_WARN_OBJC_IMPLICIT_RETAIN_SELF = YES;
				CLANG_WARN_OBJC_LITERAL_CONVERSION = YES;
				CLANG_WARN_OBJC_ROOT_CLASS = YES_ERROR;
				CLANG_WARN_QUOTED_INCLUDE_IN_FRAMEWORK_HEADER = YES;
				CLANG_WARN_RANGE_LOOP_ANALYSIS = YES;
				CLANG_WARN_STRICT_PROTOTYPES = YES;
				CLANG_WARN_SUSPICIOUS_MOVE = YES;
				CLANG_WARN_UNGUARDED_AVAILABILITY = YES_AGGRESSIVE;
				CLANG_WARN_UNREACHABLE_CODE = YES;
				CLANG_WARN__DUPLICATE_METHOD_MATCH = YES;
				COPY_PHASE_STRIP = NO;
				DEBUG_INFORMATION_FORMAT = "dwarf-with-dsym";
				ENABLE_NS_ASSERTIONS = NO;
				ENABLE_STRICT_OBJC_MSGSEND = YES;
				GCC_C_LANGUAGE_STANDARD = gnu11;
				GCC_NO_COMMON_BLOCKS = YES;
				GCC_WARN_64_TO_32_BIT_CONVERSION = YES;
				GCC_WARN_ABOUT_RETURN_TYPE = YES_ERROR;
				GCC_WARN_UNDECLARED_SELECTOR = YES;
				GCC_WARN_UNINITIALIZED_AUTOS = YES_AGGRESSIVE;
				GCC_WARN_UNUSED_FUNCTION = YES;
				GCC_WARN_UNUSED_VARIABLE = YES;
				MTL_ENABLE_DEBUG_INFO = NO;
				MTL_FAST_MATH = YES;
				SWIFT_COMPILATION_MODE = wholemodule;
				SWIFT_OBJC_BRIDGING_HEADER = Shared/Shaders/Common.h;
				SWIFT_OPTIMIZATION_LEVEL = "-O";
			};
			name = Release;
		};
		820B881C26B8E47E0070A134 /* Debug */ = {
			isa = XCBuildConfiguration;
			buildSettings = {
				ASSETCATALOG_COMPILER_APPICON_NAME = AppIcon;
				ASSETCATALOG_COMPILER_GLOBAL_ACCENT_COLOR_NAME = AccentColor;
				CODE_SIGN_STYLE = Automatic;
				CURRENT_PROJECT_VERSION = 1;
				DEVELOPMENT_TEAM = "";
				ENABLE_PREVIEWS = YES;
				GENERATE_INFOPLIST_FILE = YES;
				INFOPLIST_KEY_UIApplicationSceneManifest_Generation = YES;
				INFOPLIST_KEY_UIApplicationSupportsIndirectInputEvents = YES;
				INFOPLIST_KEY_UILaunchScreen_Generation = YES;
				INFOPLIST_KEY_UISupportedInterfaceOrientations_iPad = "UIInterfaceOrientationPortrait UIInterfaceOrientationPortraitUpsideDown UIInterfaceOrientationLandscapeLeft UIInterfaceOrientationLandscapeRight";
				INFOPLIST_KEY_UISupportedInterfaceOrientations_iPhone = "UIInterfaceOrientationPortrait UIInterfaceOrientationLandscapeLeft UIInterfaceOrientationLandscapeRight";
				IPHONEOS_DEPLOYMENT_TARGET = 14.0;
				LD_RUNPATH_SEARCH_PATHS = (
					"$(inherited)",
					"@executable_path/Frameworks",
				);
				MARKETING_VERSION = 1.0;
				PRODUCT_BUNDLE_IDENTIFIER = raywenderlich.Flocking;
				PRODUCT_NAME = Flocking;
				SDKROOT = iphoneos;
				SWIFT_EMIT_LOC_STRINGS = YES;
				SWIFT_VERSION = 5.0;
				TARGETED_DEVICE_FAMILY = "1,2";
			};
			name = Debug;
		};
		820B881D26B8E47E0070A134 /* Release */ = {
			isa = XCBuildConfiguration;
			buildSettings = {
				ASSETCATALOG_COMPILER_APPICON_NAME = AppIcon;
				ASSETCATALOG_COMPILER_GLOBAL_ACCENT_COLOR_NAME = AccentColor;
				CODE_SIGN_STYLE = Automatic;
				CURRENT_PROJECT_VERSION = 1;
				DEVELOPMENT_TEAM = "";
				ENABLE_PREVIEWS = YES;
				GENERATE_INFOPLIST_FILE = YES;
				INFOPLIST_KEY_UIApplicationSceneManifest_Generation = YES;
				INFOPLIST_KEY_UIApplicationSupportsIndirectInputEvents = YES;
				INFOPLIST_KEY_UILaunchScreen_Generation = YES;
				INFOPLIST_KEY_UISupportedInterfaceOrientations_iPad = "UIInterfaceOrientationPortrait UIInterfaceOrientationPortraitUpsideDown UIInterfaceOrientationLandscapeLeft UIInterfaceOrientationLandscapeRight";
				INFOPLIST_KEY_UISupportedInterfaceOrientations_iPhone = "UIInterfaceOrientationPortrait UIInterfaceOrientationLandscapeLeft UIInterfaceOrientationLandscapeRight";
				IPHONEOS_DEPLOYMENT_TARGET = 14.0;
				LD_RUNPATH_SEARCH_PATHS = (
					"$(inherited)",
					"@executable_path/Frameworks",
				);
				MARKETING_VERSION = 1.0;
				PRODUCT_BUNDLE_IDENTIFIER = raywenderlich.Flocking;
				PRODUCT_NAME = Flocking;
				SDKROOT = iphoneos;
				SWIFT_EMIT_LOC_STRINGS = YES;
				SWIFT_VERSION = 5.0;
				TARGETED_DEVICE_FAMILY = "1,2";
				VALIDATE_PRODUCT = YES;
			};
			name = Release;
		};
		820B881F26B8E47E0070A134 /* Debug */ = {
			isa = XCBuildConfiguration;
			buildSettings = {
				ASSETCATALOG_COMPILER_APPICON_NAME = AppIcon;
				ASSETCATALOG_COMPILER_GLOBAL_ACCENT_COLOR_NAME = AccentColor;
				CODE_SIGN_IDENTITY = "-";
				CODE_SIGN_STYLE = Automatic;
				COMBINE_HIDPI_IMAGES = YES;
				CURRENT_PROJECT_VERSION = 1;
				ENABLE_APP_SANDBOX = YES;
				ENABLE_PREVIEWS = YES;
				ENABLE_USER_SELECTED_FILES = readonly;
				GENERATE_INFOPLIST_FILE = YES;
				INFOPLIST_KEY_NSHumanReadableCopyright = "";
				LD_RUNPATH_SEARCH_PATHS = (
					"$(inherited)",
					"@executable_path/../Frameworks",
				);
				MACOSX_DEPLOYMENT_TARGET = 11.0;
				MARKETING_VERSION = 1.0;
				PRODUCT_BUNDLE_IDENTIFIER = raywenderlich.Flocking;
				PRODUCT_NAME = Flocking;
				SDKROOT = macosx;
				SWIFT_EMIT_LOC_STRINGS = YES;
				SWIFT_VERSION = 5.0;
			};
			name = Debug;
		};
		820B882026B8E47E0070A134 /* Release */ = {
			isa = XCBuildConfiguration;
			buildSettings = {
				ASSETCATALOG_COMPILER_APPICON_NAME = AppIcon;
				ASSETCATALOG_COMPILER_GLOBAL_ACCENT_COLOR_NAME = AccentColor;
				CODE_SIGN_IDENTITY = "-";
				CODE_SIGN_STYLE = Automatic;
				COMBINE_HIDPI_IMAGES = YES;
				CURRENT_PROJECT_VERSION = 1;
				ENABLE_APP_SANDBOX = YES;
				ENABLE_PREVIEWS = YES;
				ENABLE_USER_SELECTED_FILES = readonly;
				GENERATE_INFOPLIST_FILE = YES;
				INFOPLIST_KEY_NSHumanReadableCopyright = "";
				LD_RUNPATH_SEARCH_PATHS = (
					"$(inherited)",
					"@executable_path/../Frameworks",
				);
				MACOSX_DEPLOYMENT_TARGET = 11.0;
				MARKETING_VERSION = 1.0;
				PRODUCT_BUNDLE_IDENTIFIER = raywenderlich.Flocking;
				PRODUCT_NAME = Flocking;
				SDKROOT = macosx;
				SWIFT_EMIT_LOC_STRINGS = YES;
				SWIFT_VERSION = 5.0;
			};
			name = Release;
		};
/* End XCBuildConfiguration section */

/* Begin XCConfigurationList section */
		820B880326B8E47D0070A134 /* Build configuration list for PBXProject "Flocking" */ = {
			isa = XCConfigurationList;
			buildConfigurations = (
				820B881926B8E47E0070A134 /* Debug */,
				820B881A26B8E47E0070A134 /* Release */,
			);
			defaultConfigurationIsVisible = 0;
			defaultConfigurationName = Release;
		};
		820B881B26B8E47E0070A134 /* Build configuration list for PBXNativeTarget "Flocking (iOS)" */ = {
			isa = XCConfigurationList;
			buildConfigurations = (
				820B881C26B8E47E0070A134 /* Debug */,
				820B881D26B8E47E0070A134 /* Release */,
			);
			defaultConfigurationIsVisible = 0;
			defaultConfigurationName = Release;
		};
		820B881E26B8E47E0070A134 /* Build configuration list for PBXNativeTarget "Flocking (macOS)" */ = {
			isa = XCConfigurationList;
			buildConfigurations = (
				820B881F26B8E47E0070A134 /* Debug */,
				820B882026B8E47E0070A134 /* Release */,
			);
			defaultConfigurationIsVisible = 0;
			defaultConfigurationName = Release;
		};
/* End XCConfigurationList section */
	};
	rootObject = 820B880026B8E47D0070A134 /* Project object */;
}
