// !$*UTF8*$!
{
	archiveVersion = 1;
	classes = {
	};
	objectVersion = 55;
	objects = {

/* Begin PBXBuildFile section */
		823D8B1C26B12E8600D2A25A /* SpacesApp.swift in Sources */ = {isa = PBXBuildFile; fileRef = 823D8B0E26B12E8500D2A25A /* SpacesApp.swift */; };
		823D8B1D26B12E8600D2A25A /* SpacesApp.swift in Sources */ = {isa = PBXBuildFile; fileRef = 823D8B0E26B12E8500D2A25A /* SpacesApp.swift */; };
		823D8B1E26B12E8600D2A25A /* ContentView.swift in Sources */ = {isa = PBXBuildFile; fileRef = 823D8B0F26B12E8500D2A25A /* ContentView.swift */; };
		823D8B1F26B12E8600D2A25A /* ContentView.swift in Sources */ = {isa = PBXBuildFile; fileRef = 823D8B0F26B12E8500D2A25A /* ContentView.swift */; };
		823D8B2026B12E8600D2A25A /* Assets.xcassets in Resources */ = {isa = PBXBuildFile; fileRef = 823D8B1026B12E8600D2A25A /* Assets.xcassets */; };
		823D8B2126B12E8600D2A25A /* Assets.xcassets in Resources */ = {isa = PBXBuildFile; fileRef = 823D8B1026B12E8600D2A25A /* Assets.xcassets */; };
		823D8B2B26B12EF800D2A25A /* MetalView.swift in Sources */ = {isa = PBXBuildFile; fileRef = 823D8B2A26B12EF800D2A25A /* MetalView.swift */; };
		823D8B2C26B12EF800D2A25A /* MetalView.swift in Sources */ = {isa = PBXBuildFile; fileRef = 823D8B2A26B12EF800D2A25A /* MetalView.swift */; };
		823D8B2F26B12F1200D2A25A /* Renderer.swift in Sources */ = {isa = PBXBuildFile; fileRef = 823D8B2E26B12F1200D2A25A /* Renderer.swift */; };
		823D8B3026B12F1200D2A25A /* Renderer.swift in Sources */ = {isa = PBXBuildFile; fileRef = 823D8B2E26B12F1200D2A25A /* Renderer.swift */; };
		823D8B3226B12F1B00D2A25A /* Model.swift in Sources */ = {isa = PBXBuildFile; fileRef = 823D8B3126B12F1B00D2A25A /* Model.swift */; };
		823D8B3326B12F1B00D2A25A /* Model.swift in Sources */ = {isa = PBXBuildFile; fileRef = 823D8B3126B12F1B00D2A25A /* Model.swift */; };
		823D8B3526B12F2300D2A25A /* VertexDescriptor.swift in Sources */ = {isa = PBXBuildFile; fileRef = 823D8B3426B12F2300D2A25A /* VertexDescriptor.swift */; };
		823D8B3626B12F2300D2A25A /* VertexDescriptor.swift in Sources */ = {isa = PBXBuildFile; fileRef = 823D8B3426B12F2300D2A25A /* VertexDescriptor.swift */; };
		823D8B3826B12F2C00D2A25A /* Shaders.metal in Sources */ = {isa = PBXBuildFile; fileRef = 823D8B3726B12F2C00D2A25A /* Shaders.metal */; };
		823D8B3926B12F2C00D2A25A /* Shaders.metal in Sources */ = {isa = PBXBuildFile; fileRef = 823D8B3726B12F2C00D2A25A /* Shaders.metal */; };
		823D8B3B26B12F7A00D2A25A /* MathLibrary.swift in Sources */ = {isa = PBXBuildFile; fileRef = 823D8B3A26B12F7A00D2A25A /* MathLibrary.swift */; };
		823D8B3C26B12F7A00D2A25A /* MathLibrary.swift in Sources */ = {isa = PBXBuildFile; fileRef = 823D8B3A26B12F7A00D2A25A /* MathLibrary.swift */; };
		823D8B3F26B1308400D2A25A /* train.usd in Resources */ = {isa = PBXBuildFile; fileRef = 823D8B3E26B1308400D2A25A /* train.usd */; };
		823D8B4026B1308400D2A25A /* train.usd in Resources */ = {isa = PBXBuildFile; fileRef = 823D8B3E26B1308400D2A25A /* train.usd */; };
		825D702627BE29CC00B689D3 /* Transform.swift in Sources */ = {isa = PBXBuildFile; fileRef = 825D702527BE29CC00B689D3 /* Transform.swift */; };
/* End PBXBuildFile section */

/* Begin PBXFileReference section */
		823D8B0E26B12E8500D2A25A /* SpacesApp.swift */ = {isa = PBXFileReference; lastKnownFileType = sourcecode.swift; path = SpacesApp.swift; sourceTree = "<group>"; };
		823D8B0F26B12E8500D2A25A /* ContentView.swift */ = {isa = PBXFileReference; lastKnownFileType = sourcecode.swift; path = ContentView.swift; sourceTree = "<group>"; };
		823D8B1026B12E8600D2A25A /* Assets.xcassets */ = {isa = PBXFileReference; lastKnownFileType = folder.assetcatalog; path = Assets.xcassets; sourceTree = "<group>"; };
		823D8B1526B12E8600D2A25A /* Spaces.app */ = {isa = PBXFileReference; explicitFileType = wrapper.application; includeInIndex = 0; path = Spaces.app; sourceTree = BUILT_PRODUCTS_DIR; };
		823D8B1B26B12E8600D2A25A /* Spaces.app */ = {isa = PBXFileReference; explicitFileType = wrapper.application; includeInIndex = 0; path = Spaces.app; sourceTree = BUILT_PRODUCTS_DIR; };
		823D8B2A26B12EF800D2A25A /* MetalView.swift */ = {isa = PBXFileReference; lastKnownFileType = sourcecode.swift; path = MetalView.swift; sourceTree = "<group>"; };
		823D8B2E26B12F1200D2A25A /* Renderer.swift */ = {isa = PBXFileReference; lastKnownFileType = sourcecode.swift; path = Renderer.swift; sourceTree = "<group>"; };
		823D8B3126B12F1B00D2A25A /* Model.swift */ = {isa = PBXFileReference; lastKnownFileType = sourcecode.swift; path = Model.swift; sourceTree = "<group>"; };
		823D8B3426B12F2300D2A25A /* VertexDescriptor.swift */ = {isa = PBXFileReference; lastKnownFileType = sourcecode.swift; path = VertexDescriptor.swift; sourceTree = "<group>"; };
		823D8B3726B12F2C00D2A25A /* Shaders.metal */ = {isa = PBXFileReference; lastKnownFileType = sourcecode.metal; path = Shaders.metal; sourceTree = "<group>"; };
		823D8B3A26B12F7A00D2A25A /* MathLibrary.swift */ = {isa = PBXFileReference; lastKnownFileType = sourcecode.swift; path = MathLibrary.swift; sourceTree = "<group>"; };
		823D8B3E26B1308400D2A25A /* train.usd */ = {isa = PBXFileReference; lastKnownFileType = file; path = train.usd; sourceTree = "<group>"; };
		825D702427BE282700B689D3 /* Common.h */ = {isa = PBXFileReference; lastKnownFileType = sourcecode.c.h; path = Common.h; sourceTree = "<group>"; };
		825D702527BE29CC00B689D3 /* Transform.swift */ = {isa = PBXFileReference; lastKnownFileType = sourcecode.swift; path = Transform.swift; sourceTree = "<group>"; };
/* End PBXFileReference section */

/* Begin PBXFrameworksBuildPhase section */
		823D8B1226B12E8600D2A25A /* Frameworks */ = {
			isa = PBXFrameworksBuildPhase;
			buildActionMask = 2147483647;
			files = (
			);
			runOnlyForDeploymentPostprocessing = 0;
		};
		823D8B1826B12E8600D2A25A /* Frameworks */ = {
			isa = PBXFrameworksBuildPhase;
			buildActionMask = 2147483647;
			files = (
			);
			runOnlyForDeploymentPostprocessing = 0;
		};
/* End PBXFrameworksBuildPhase section */

/* Begin PBXGroup section */
		823D8B0826B12E8500D2A25A = {
			isa = PBXGroup;
			children = (
				823D8B0D26B12E8500D2A25A /* Shared */,
				823D8B1626B12E8600D2A25A /* Products */,
			);
			sourceTree = "<group>";
		};
		823D8B0D26B12E8500D2A25A /* Shared */ = {
			isa = PBXGroup;
			children = (
				823D8B0E26B12E8500D2A25A /* SpacesApp.swift */,
				823D8B2E26B12F1200D2A25A /* Renderer.swift */,
				825D702527BE29CC00B689D3 /* Transform.swift */,
				823D8B3126B12F1B00D2A25A /* Model.swift */,
				823D8B3426B12F2300D2A25A /* VertexDescriptor.swift */,
				825D702427BE282700B689D3 /* Common.h */,
				823D8B3726B12F2C00D2A25A /* Shaders.metal */,
				823D8B4126B1313500D2A25A /* Utility */,
				823D8B3D26B1307400D2A25A /* Models */,
				823D8B2D26B12F0700D2A25A /* SwiftUI Views */,
				823D8B1026B12E8600D2A25A /* Assets.xcassets */,
			);
			path = Shared;
			sourceTree = "<group>";
		};
		823D8B1626B12E8600D2A25A /* Products */ = {
			isa = PBXGroup;
			children = (
				823D8B1526B12E8600D2A25A /* Spaces.app */,
				823D8B1B26B12E8600D2A25A /* Spaces.app */,
			);
			name = Products;
			sourceTree = "<group>";
		};
		823D8B2D26B12F0700D2A25A /* SwiftUI Views */ = {
			isa = PBXGroup;
			children = (
				823D8B0F26B12E8500D2A25A /* ContentView.swift */,
				823D8B2A26B12EF800D2A25A /* MetalView.swift */,
			);
			path = "SwiftUI Views";
			sourceTree = "<group>";
		};
		823D8B3D26B1307400D2A25A /* Models */ = {
			isa = PBXGroup;
			children = (
				823D8B3E26B1308400D2A25A /* train.usd */,
			);
			path = Models;
			sourceTree = "<group>";
		};
		823D8B4126B1313500D2A25A /* Utility */ = {
			isa = PBXGroup;
			children = (
				823D8B3A26B12F7A00D2A25A /* MathLibrary.swift */,
			);
			path = Utility;
			sourceTree = "<group>";
		};
/* End PBXGroup section */

/* Begin PBXNativeTarget section */
		823D8B1426B12E8600D2A25A /* Spaces (iOS) */ = {
			isa = PBXNativeTarget;
			buildConfigurationList = 823D8B2426B12E8600D2A25A /* Build configuration list for PBXNativeTarget "Spaces (iOS)" */;
			buildPhases = (
				823D8B1126B12E8600D2A25A /* Sources */,
				823D8B1226B12E8600D2A25A /* Frameworks */,
				823D8B1326B12E8600D2A25A /* Resources */,
				823D8B4526B1429700D2A25A /* SwiftLint */,
			);
			buildRules = (
			);
			dependencies = (
			);
			name = "Spaces (iOS)";
			productName = "Spaces (iOS)";
			productReference = 823D8B1526B12E8600D2A25A /* Spaces.app */;
			productType = "com.apple.product-type.application";
		};
		823D8B1A26B12E8600D2A25A /* Spaces (macOS) */ = {
			isa = PBXNativeTarget;
			buildConfigurationList = 823D8B2726B12E8600D2A25A /* Build configuration list for PBXNativeTarget "Spaces (macOS)" */;
			buildPhases = (
				823D8B1726B12E8600D2A25A /* Sources */,
				823D8B1826B12E8600D2A25A /* Frameworks */,
				823D8B1926B12E8600D2A25A /* Resources */,
				823D8B4626B142AD00D2A25A /* SwiftLint */,
			);
			buildRules = (
			);
			dependencies = (
			);
			name = "Spaces (macOS)";
			productName = "Spaces (macOS)";
			productReference = 823D8B1B26B12E8600D2A25A /* Spaces.app */;
			productType = "com.apple.product-type.application";
		};
/* End PBXNativeTarget section */

/* Begin PBXProject section */
		823D8B0926B12E8500D2A25A /* Project object */ = {
			isa = PBXProject;
			attributes = {
				BuildIndependentTargetsInParallel = 1;
				LastSwiftUpdateCheck = 1300;
				LastUpgradeCheck = 1320;
				TargetAttributes = {
					823D8B1426B12E8600D2A25A = {
						CreatedOnToolsVersion = 13.0;
					};
					823D8B1A26B12E8600D2A25A = {
						CreatedOnToolsVersion = 13.0;
					};
				};
			};
			buildConfigurationList = 823D8B0C26B12E8500D2A25A /* Build configuration list for PBXProject "Spaces" */;
			compatibilityVersion = "Xcode 13.0";
			developmentRegion = en;
			hasScannedForEncodings = 0;
			knownRegions = (
				en,
				Base,
			);
			mainGroup = 823D8B0826B12E8500D2A25A;
			productRefGroup = 823D8B1626B12E8600D2A25A /* Products */;
			projectDirPath = "";
			projectRoot = "";
			targets = (
				823D8B1426B12E8600D2A25A /* Spaces (iOS) */,
				823D8B1A26B12E8600D2A25A /* Spaces (macOS) */,
			);
		};
/* End PBXProject section */

/* Begin PBXResourcesBuildPhase section */
		823D8B1326B12E8600D2A25A /* Resources */ = {
			isa = PBXResourcesBuildPhase;
			buildActionMask = 2147483647;
			files = (
				823D8B2026B12E8600D2A25A /* Assets.xcassets in Resources */,
				823D8B3F26B1308400D2A25A /* train.usd in Resources */,
			);
			runOnlyForDeploymentPostprocessing = 0;
		};
		823D8B1926B12E8600D2A25A /* Resources */ = {
			isa = PBXResourcesBuildPhase;
			buildActionMask = 2147483647;
			files = (
				823D8B2126B12E8600D2A25A /* Assets.xcassets in Resources */,
				823D8B4026B1308400D2A25A /* train.usd in Resources */,
			);
			runOnlyForDeploymentPostprocessing = 0;
		};
/* End PBXResourcesBuildPhase section */

/* Begin PBXShellScriptBuildPhase section */
		823D8B4526B1429700D2A25A /* SwiftLint */ = {
			isa = PBXShellScriptBuildPhase;
			buildActionMask = 2147483647;
			files = (
			);
			inputFileListPaths = (
			);
			inputPaths = (
			);
			name = SwiftLint;
			outputFileListPaths = (
			);
			outputPaths = (
			);
			runOnlyForDeploymentPostprocessing = 0;
			shellPath = /bin/sh;
			shellScript = "PATH=/opt/homebrew/bin:$PATH\nif [ -f ~/com.raywenderlich.swiftlint.yml ]; then\n  if which swiftlint >/dev/null; then\n    swiftlint --no-cache --config ~/com.raywenderlich.swiftlint.yml\n  fi\nfi\n";
		};
		823D8B4626B142AD00D2A25A /* SwiftLint */ = {
			isa = PBXShellScriptBuildPhase;
			buildActionMask = 2147483647;
			files = (
			);
			inputFileListPaths = (
			);
			inputPaths = (
			);
			name = SwiftLint;
			outputFileListPaths = (
			);
			outputPaths = (
			);
			runOnlyForDeploymentPostprocessing = 0;
			shellPath = /bin/sh;
			shellScript = "PATH=/opt/homebrew/bin:$PATH\nif [ -f ~/com.raywenderlich.swiftlint.yml ]; then\n  if which swiftlint >/dev/null; then\n    swiftlint --no-cache --config ~/com.raywenderlich.swiftlint.yml\n  fi\nfi\n";
		};
/* End PBXShellScriptBuildPhase section */

/* Begin PBXSourcesBuildPhase section */
		823D8B1126B12E8600D2A25A /* Sources */ = {
			isa = PBXSourcesBuildPhase;
			buildActionMask = 2147483647;
			files = (
				823D8B3526B12F2300D2A25A /* VertexDescriptor.swift in Sources */,
				823D8B3826B12F2C00D2A25A /* Shaders.metal in Sources */,
				823D8B3226B12F1B00D2A25A /* Model.swift in Sources */,
				823D8B3B26B12F7A00D2A25A /* MathLibrary.swift in Sources */,
				823D8B2F26B12F1200D2A25A /* Renderer.swift in Sources */,
				823D8B2B26B12EF800D2A25A /* MetalView.swift in Sources */,
				823D8B1E26B12E8600D2A25A /* ContentView.swift in Sources */,
				825D702627BE29CC00B689D3 /* Transform.swift in Sources */,
				823D8B1C26B12E8600D2A25A /* SpacesApp.swift in Sources */,
			);
			runOnlyForDeploymentPostprocessing = 0;
		};
		823D8B1726B12E8600D2A25A /* Sources */ = {
			isa = PBXSourcesBuildPhase;
			buildActionMask = 2147483647;
			files = (
				823D8B3626B12F2300D2A25A /* VertexDescriptor.swift in Sources */,
				823D8B3926B12F2C00D2A25A /* Shaders.metal in Sources */,
				823D8B3326B12F1B00D2A25A /* Model.swift in Sources */,
				823D8B3C26B12F7A00D2A25A /* MathLibrary.swift in Sources */,
				823D8B3026B12F1200D2A25A /* Renderer.swift in Sources */,
				823D8B2C26B12EF800D2A25A /* MetalView.swift in Sources */,
				823D8B1F26B12E8600D2A25A /* ContentView.swift in Sources */,
				823D8B1D26B12E8600D2A25A /* SpacesApp.swift in Sources */,
			);
			runOnlyForDeploymentPostprocessing = 0;
		};
/* End PBXSourcesBuildPhase section */

/* Begin XCBuildConfiguration section */
		823D8B2226B12E8600D2A25A /* Debug */ = {
			isa = XCBuildConfiguration;
			buildSettings = {
				ALWAYS_SEARCH_USER_PATHS = NO;
				CLANG_ANALYZER_NONNULL = YES;
				CLANG_ANALYZER_NUMBER_OBJECT_CONVERSION = YES_AGGRESSIVE;
				CLANG_CXX_LANGUAGE_STANDARD = "gnu++17";
				CLANG_CXX_LIBRARY = "libc++";
				CLANG_ENABLE_MODULES = YES;
				CLANG_ENABLE_OBJC_ARC = YES;
				CLANG_ENABLE_OBJC_WEAK = YES;
				CLANG_WARN_BLOCK_CAPTURE_AUTORELEASING = YES;
				CLANG_WARN_BOOL_CONVERSION = YES;
				CLANG_WARN_COMMA = YES;
				CLANG_WARN_CONSTANT_CONVERSION = YES;
				CLANG_WARN_DEPRECATED_OBJC_IMPLEMENTATIONS = YES;
				CLANG_WARN_DIRECT_OBJC_ISA_USAGE = YES_ERROR;
				CLANG_WARN_DOCUMENTATION_COMMENTS = YES;
				CLANG_WARN_EMPTY_BODY = YES;
				CLANG_WARN_ENUM_CONVERSION = YES;
				CLANG_WARN_INFINITE_RECURSION = YES;
				CLANG_WARN_INT_CONVERSION = YES;
				CLANG_WARN_NON_LITERAL_NULL_CONVERSION = YES;
				CLANG_WARN_OBJC_IMPLICIT_RETAIN_SELF = YES;
				CLANG_WARN_OBJC_LITERAL_CONVERSION = YES;
				CLANG_WARN_OBJC_ROOT_CLASS = YES_ERROR;
				CLANG_WARN_QUOTED_INCLUDE_IN_FRAMEWORK_HEADER = YES;
				CLANG_WARN_RANGE_LOOP_ANALYSIS = YES;
				CLANG_WARN_STRICT_PROTOTYPES = YES;
				CLANG_WARN_SUSPICIOUS_MOVE = YES;
				CLANG_WARN_UNGUARDED_AVAILABILITY = YES_AGGRESSIVE;
				CLANG_WARN_UNREACHABLE_CODE = YES;
				CLANG_WARN__DUPLICATE_METHOD_MATCH = YES;
				COPY_PHASE_STRIP = NO;
				DEBUG_INFORMATION_FORMAT = dwarf;
				ENABLE_STRICT_OBJC_MSGSEND = YES;
				ENABLE_TESTABILITY = YES;
				GCC_C_LANGUAGE_STANDARD = gnu11;
				GCC_DYNAMIC_NO_PIC = NO;
				GCC_NO_COMMON_BLOCKS = YES;
				GCC_OPTIMIZATION_LEVEL = 0;
				GCC_PREPROCESSOR_DEFINITIONS = (
					"DEBUG=1",
					"$(inherited)",
				);
				GCC_WARN_64_TO_32_BIT_CONVERSION = YES;
				GCC_WARN_ABOUT_RETURN_TYPE = YES_ERROR;
				GCC_WARN_UNDECLARED_SELECTOR = YES;
				GCC_WARN_UNINITIALIZED_AUTOS = YES_AGGRESSIVE;
				GCC_WARN_UNUSED_FUNCTION = YES;
				GCC_WARN_UNUSED_VARIABLE = YES;
				MTL_ENABLE_DEBUG_INFO = INCLUDE_SOURCE;
				MTL_FAST_MATH = YES;
				ONLY_ACTIVE_ARCH = YES;
				SWIFT_ACTIVE_COMPILATION_CONDITIONS = DEBUG;
				SWIFT_OBJC_BRIDGING_HEADER = Shared/Common.h;
				SWIFT_OPTIMIZATION_LEVEL = "-Onone";
			};
			name = Debug;
		};
		823D8B2326B12E8600D2A25A /* Release */ = {
			isa = XCBuildConfiguration;
			buildSettings = {
				ALWAYS_SEARCH_USER_PATHS = NO;
				CLANG_ANALYZER_NONNULL = YES;
				CLANG_ANALYZER_NUMBER_OBJECT_CONVERSION = YES_AGGRESSIVE;
				CLANG_CXX_LANGUAGE_STANDARD = "gnu++17";
				CLANG_CXX_LIBRARY = "libc++";
				CLANG_ENABLE_MODULES = YES;
				CLANG_ENABLE_OBJC_ARC = YES;
				CLANG_ENABLE_OBJC_WEAK = YES;
				CLANG_WARN_BLOCK_CAPTURE_AUTORELEASING = YES;
				CLANG_WARN_BOOL_CONVERSION = YES;
				CLANG_WARN_COMMA = YES;
				CLANG_WARN_CONSTANT_CONVERSION = YES;
				CLANG_WARN_DEPRECATED_OBJC_IMPLEMENTATIONS = YES;
				CLANG_WARN_DIRECT_OBJC_ISA_USAGE = YES_ERROR;
				CLANG_WARN_DOCUMENTATION_COMMENTS = YES;
				CLANG_WARN_EMPTY_BODY = YES;
				CLANG_WARN_ENUM_CONVERSION = YES;
				CLANG_WARN_INFINITE_RECURSION = YES;
				CLANG_WARN_INT_CONVERSION = YES;
				CLANG_WARN_NON_LITERAL_NULL_CONVERSION = YES;
				CLANG_WARN_OBJC_IMPLICIT_RETAIN_SELF = YES;
				CLANG_WARN_OBJC_LITERAL_CONVERSION = YES;
				CLANG_WARN_OBJC_ROOT_CLASS = YES_ERROR;
				CLANG_WARN_QUOTED_INCLUDE_IN_FRAMEWORK_HEADER = YES;
				CLANG_WARN_RANGE_LOOP_ANALYSIS = YES;
				CLANG_WARN_STRICT_PROTOTYPES = YES;
				CLANG_WARN_SUSPICIOUS_MOVE = YES;
				CLANG_WARN_UNGUARDED_AVAILABILITY = YES_AGGRESSIVE;
				CLANG_WARN_UNREACHABLE_CODE = YES;
				CLANG_WARN__DUPLICATE_METHOD_MATCH = YES;
				COPY_PHASE_STRIP = NO;
				DEBUG_INFORMATION_FORMAT = "dwarf-with-dsym";
				ENABLE_NS_ASSERTIONS = NO;
				ENABLE_STRICT_OBJC_MSGSEND = YES;
				GCC_C_LANGUAGE_STANDARD = gnu11;
				GCC_NO_COMMON_BLOCKS = YES;
				GCC_WARN_64_TO_32_BIT_CONVERSION = YES;
				GCC_WARN_ABOUT_RETURN_TYPE = YES_ERROR;
				GCC_WARN_UNDECLARED_SELECTOR = YES;
				GCC_WARN_UNINITIALIZED_AUTOS = YES_AGGRESSIVE;
				GCC_WARN_UNUSED_FUNCTION = YES;
				GCC_WARN_UNUSED_VARIABLE = YES;
				MTL_ENABLE_DEBUG_INFO = NO;
				MTL_FAST_MATH = YES;
				SWIFT_COMPILATION_MODE = wholemodule;
				SWIFT_OBJC_BRIDGING_HEADER = Shared/Common.h;
				SWIFT_OPTIMIZATION_LEVEL = "-O";
			};
			name = Release;
		};
		823D8B2526B12E8600D2A25A /* Debug */ = {
			isa = XCBuildConfiguration;
			buildSettings = {
				ASSETCATALOG_COMPILER_APPICON_NAME = AppIcon;
				ASSETCATALOG_COMPILER_GLOBAL_ACCENT_COLOR_NAME = AccentColor;
				CODE_SIGN_STYLE = Automatic;
				CURRENT_PROJECT_VERSION = 1;
				DEVELOPMENT_TEAM = "";
				ENABLE_PREVIEWS = YES;
				GENERATE_INFOPLIST_FILE = YES;
				INFOPLIST_KEY_UIApplicationSceneManifest_Generation = YES;
				INFOPLIST_KEY_UIApplicationSupportsIndirectInputEvents = YES;
				INFOPLIST_KEY_UILaunchScreen_Generation = YES;
				INFOPLIST_KEY_UISupportedInterfaceOrientations_iPad = "UIInterfaceOrientationPortrait UIInterfaceOrientationPortraitUpsideDown UIInterfaceOrientationLandscapeLeft UIInterfaceOrientationLandscapeRight";
				INFOPLIST_KEY_UISupportedInterfaceOrientations_iPhone = "UIInterfaceOrientationPortrait UIInterfaceOrientationLandscapeLeft UIInterfaceOrientationLandscapeRight";
				IPHONEOS_DEPLOYMENT_TARGET = 14.0;
				LD_RUNPATH_SEARCH_PATHS = (
					"$(inherited)",
					"@executable_path/Frameworks",
				);
				MARKETING_VERSION = 1.0;
				PRODUCT_BUNDLE_IDENTIFIER = raywenderlich.Spaces;
				PRODUCT_NAME = Spaces;
				SDKROOT = iphoneos;
				SWIFT_EMIT_LOC_STRINGS = YES;
				SWIFT_VERSION = 5.0;
				TARGETED_DEVICE_FAMILY = "1,2";
			};
			name = Debug;
		};
		823D8B2626B12E8600D2A25A /* Release */ = {
			isa = XCBuildConfiguration;
			buildSettings = {
				ASSETCATALOG_COMPILER_APPICON_NAME = AppIcon;
				ASSETCATALOG_COMPILER_GLOBAL_ACCENT_COLOR_NAME = AccentColor;
				CODE_SIGN_STYLE = Automatic;
				CURRENT_PROJECT_VERSION = 1;
				DEVELOPMENT_TEAM = "";
				ENABLE_PREVIEWS = YES;
				GENERATE_INFOPLIST_FILE = YES;
				INFOPLIST_KEY_UIApplicationSceneManifest_Generation = YES;
				INFOPLIST_KEY_UIApplicationSupportsIndirectInputEvents = YES;
				INFOPLIST_KEY_UILaunchScreen_Generation = YES;
				INFOPLIST_KEY_UISupportedInterfaceOrientations_iPad = "UIInterfaceOrientationPortrait UIInterfaceOrientationPortraitUpsideDown UIInterfaceOrientationLandscapeLeft UIInterfaceOrientationLandscapeRight";
				INFOPLIST_KEY_UISupportedInterfaceOrientations_iPhone = "UIInterfaceOrientationPortrait UIInterfaceOrientationLandscapeLeft UIInterfaceOrientationLandscapeRight";
				IPHONEOS_DEPLOYMENT_TARGET = 14.0;
				LD_RUNPATH_SEARCH_PATHS = (
					"$(inherited)",
					"@executable_path/Frameworks",
				);
				MARKETING_VERSION = 1.0;
				PRODUCT_BUNDLE_IDENTIFIER = raywenderlich.Spaces;
				PRODUCT_NAME = Spaces;
				SDKROOT = iphoneos;
				SWIFT_EMIT_LOC_STRINGS = YES;
				SWIFT_VERSION = 5.0;
				TARGETED_DEVICE_FAMILY = "1,2";
				VALIDATE_PRODUCT = YES;
			};
			name = Release;
		};
		823D8B2826B12E8600D2A25A /* Debug */ = {
			isa = XCBuildConfiguration;
			buildSettings = {
				ASSETCATALOG_COMPILER_APPICON_NAME = AppIcon;
				ASSETCATALOG_COMPILER_GLOBAL_ACCENT_COLOR_NAME = AccentColor;
				CODE_SIGN_IDENTITY = "-";
				CODE_SIGN_STYLE = Automatic;
				COMBINE_HIDPI_IMAGES = YES;
				CURRENT_PROJECT_VERSION = 1;
				DEVELOPMENT_TEAM = "";
				ENABLE_APP_SANDBOX = YES;
				ENABLE_HARDENED_RUNTIME = YES;
				ENABLE_PREVIEWS = YES;
				ENABLE_USER_SELECTED_FILES = readonly;
				GENERATE_INFOPLIST_FILE = YES;
				INFOPLIST_KEY_NSHumanReadableCopyright = "";
				LD_RUNPATH_SEARCH_PATHS = (
					"$(inherited)",
					"@executable_path/../Frameworks",
				);
				MACOSX_DEPLOYMENT_TARGET = 11.0;
				MARKETING_VERSION = 1.0;
				PRODUCT_BUNDLE_IDENTIFIER = raywenderlich.Spaces;
				PRODUCT_NAME = Spaces;
				SDKROOT = macosx;
				SWIFT_EMIT_LOC_STRINGS = YES;
				SWIFT_VERSION = 5.0;
			};
			name = Debug;
		};
		823D8B2926B12E8600D2A25A /* Release */ = {
			isa = XCBuildConfiguration;
			buildSettings = {
				ASSETCATALOG_COMPILER_APPICON_NAME = AppIcon;
				ASSETCATALOG_COMPILER_GLOBAL_ACCENT_COLOR_NAME = AccentColor;
				CODE_SIGN_IDENTITY = "-";
				CODE_SIGN_STYLE = Automatic;
				COMBINE_HIDPI_IMAGES = YES;
				CURRENT_PROJECT_VERSION = 1;
				DEVELOPMENT_TEAM = 3E7TCD55JT;
				ENABLE_APP_SANDBOX = YES;
				ENABLE_HARDENED_RUNTIME = YES;
				ENABLE_PREVIEWS = YES;
				ENABLE_USER_SELECTED_FILES = readonly;
				GENERATE_INFOPLIST_FILE = YES;
				INFOPLIST_KEY_NSHumanReadableCopyright = "";
				LD_RUNPATH_SEARCH_PATHS = (
					"$(inherited)",
					"@executable_path/../Frameworks",
				);
				MACOSX_DEPLOYMENT_TARGET = 11.0;
				MARKETING_VERSION = 1.0;
				PRODUCT_BUNDLE_IDENTIFIER = raywenderlich.Spaces;
				PRODUCT_NAME = Spaces;
				SDKROOT = macosx;
				SWIFT_EMIT_LOC_STRINGS = YES;
				SWIFT_VERSION = 5.0;
			};
			name = Release;
		};
/* End XCBuildConfiguration section */

/* Begin XCConfigurationList section */
		823D8B0C26B12E8500D2A25A /* Build configuration list for PBXProject "Spaces" */ = {
			isa = XCConfigurationList;
			buildConfigurations = (
				823D8B2226B12E8600D2A25A /* Debug */,
				823D8B2326B12E8600D2A25A /* Release */,
			);
			defaultConfigurationIsVisible = 0;
			defaultConfigurationName = Release;
		};
		823D8B2426B12E8600D2A25A /* Build configuration list for PBXNativeTarget "Spaces (iOS)" */ = {
			isa = XCConfigurationList;
			buildConfigurations = (
				823D8B2526B12E8600D2A25A /* Debug */,
				823D8B2626B12E8600D2A25A /* Release */,
			);
			defaultConfigurationIsVisible = 0;
			defaultConfigurationName = Release;
		};
		823D8B2726B12E8600D2A25A /* Build configuration list for PBXNativeTarget "Spaces (macOS)" */ = {
			isa = XCConfigurationList;
			buildConfigurations = (
				823D8B2826B12E8600D2A25A /* Debug */,
				823D8B2926B12E8600D2A25A /* Release */,
			);
			defaultConfigurationIsVisible = 0;
			defaultConfigurationName = Release;
		};
/* End XCConfigurationList section */
	};
	rootObject = 823D8B0926B12E8500D2A25A /* Project object */;
}
